
Microsoft Visual Studio Solution File, Format Version 12.00
# Visual Studio Version 16
VisualStudioVersion = 16.0.29424.173
MinimumVisualStudioVersion = 10.0.40219.1
Project("{FAE04EC0-301F-11D3-BF4B-00C04F79EFBC}") = "Senai.Peoples.WebApi", "Senai.Peoples.WebApi.csproj", "{FF30EE94-0E7D-45FD-AA06-FA6C4290BD1B}"
EndProject
Global
	GlobalSection(SolutionConfigurationPlatforms) = preSolution
		Debug|Any CPU = Debug|Any CPU
		Release|Any CPU = Release|Any CPU
	EndGlobalSection
	GlobalSection(ProjectConfigurationPlatforms) = postSolution
		{FF30EE94-0E7D-45FD-AA06-FA6C4290BD1B}.Debug|Any CPU.ActiveCfg = Debug|Any CPU
		{FF30EE94-0E7D-45FD-AA06-FA6C4290BD1B}.Debug|Any CPU.Build.0 = Debug|Any CPU
		{FF30EE94-0E7D-45FD-AA06-FA6C4290BD1B}.Release|Any CPU.ActiveCfg = Release|Any CPU
		{FF30EE94-0E7D-45FD-AA06-FA6C4290BD1B}.Release|Any CPU.Build.0 = Release|Any CPU
	EndGlobalSection
	GlobalSection(SolutionProperties) = preSolution
		HideSolutionNode = FALSE
	EndGlobalSection
	GlobalSection(ExtensibilityGlobals) = postSolution
		SolutionGuid = {2EA03AB7-4DB6-453C-A66F-C3760EB52D02}
	EndGlobalSection
EndGlobal
